// !$*UTF8*$!
{
	archiveVersion = 1;
	classes = {
	};
	objectVersion = 55;
	objects = {

/* Begin PBXBuildFile section */
		57ABEADC290454A75E765EC3 /* Pods_Flixter_FlixterUITests.framework in Frameworks */ = {isa = PBXBuildFile; fileRef = 118D9238EC5A39C39FDB81C7 /* Pods_Flixter_FlixterUITests.framework */; };
		58E03AD0B7C7EC4EFA221F3A /* Pods_FlixterTests.framework in Frameworks */ = {isa = PBXBuildFile; fileRef = BE362BD63BF3C054C2F407C7 /* Pods_FlixterTests.framework */; };
		AD5BE6C2285CEABB00DA1A1D /* MovieCollectionViewCell.m in Sources */ = {isa = PBXBuildFile; fileRef = AD5BE6C1285CEABB00DA1A1D /* MovieCollectionViewCell.m */; };
		ADCA5D21285A45AB0058F090 /* AppDelegate.m in Sources */ = {isa = PBXBuildFile; fileRef = ADCA5D20285A45AB0058F090 /* AppDelegate.m */; };
		ADCA5D24285A45AB0058F090 /* SceneDelegate.m in Sources */ = {isa = PBXBuildFile; fileRef = ADCA5D23285A45AB0058F090 /* SceneDelegate.m */; };
		ADCA5D2A285A45AB0058F090 /* Main.storyboard in Resources */ = {isa = PBXBuildFile; fileRef = ADCA5D28285A45AB0058F090 /* Main.storyboard */; };
		ADCA5D2C285A45AC0058F090 /* Assets.xcassets in Resources */ = {isa = PBXBuildFile; fileRef = ADCA5D2B285A45AC0058F090 /* Assets.xcassets */; };
		ADCA5D2F285A45AC0058F090 /* LaunchScreen.storyboard in Resources */ = {isa = PBXBuildFile; fileRef = ADCA5D2D285A45AC0058F090 /* LaunchScreen.storyboard */; };
		ADCA5D32285A45AC0058F090 /* main.m in Sources */ = {isa = PBXBuildFile; fileRef = ADCA5D31285A45AC0058F090 /* main.m */; };
		ADCA5D3C285A45AC0058F090 /* FlixterTests.m in Sources */ = {isa = PBXBuildFile; fileRef = ADCA5D3B285A45AC0058F090 /* FlixterTests.m */; };
		ADCA5D46285A45AC0058F090 /* FlixterUITests.m in Sources */ = {isa = PBXBuildFile; fileRef = ADCA5D45285A45AC0058F090 /* FlixterUITests.m */; };
		ADCA5D48285A45AC0058F090 /* FlixterUITestsLaunchTests.m in Sources */ = {isa = PBXBuildFile; fileRef = ADCA5D47285A45AC0058F090 /* FlixterUITestsLaunchTests.m */; };
		ADCA5D56285A4C9C0058F090 /* MovieViewController.m in Sources */ = {isa = PBXBuildFile; fileRef = ADCA5D55285A4C9C0058F090 /* MovieViewController.m */; };
		ADCA5D5C285A7F2B0058F090 /* TableViewCell.m in Sources */ = {isa = PBXBuildFile; fileRef = ADCA5D5B285A7F2B0058F090 /* TableViewCell.m */; };
		ADCA5D5F285BE4DA0058F090 /* DetailsViewController.m in Sources */ = {isa = PBXBuildFile; fileRef = ADCA5D5E285BE4DA0058F090 /* DetailsViewController.m */; };
		ADCA5D62285CE5BA0058F090 /* GridViewController.m in Sources */ = {isa = PBXBuildFile; fileRef = ADCA5D61285CE5BA0058F090 /* GridViewController.m */; };
		B30FD590287EB3E0E08FCD78 /* Pods_Flixter.framework in Frameworks */ = {isa = PBXBuildFile; fileRef = 9BF054B92BB08F16633A3740 /* Pods_Flixter.framework */; };
/* End PBXBuildFile section */

/* Begin PBXContainerItemProxy section */
		ADCA5D38285A45AC0058F090 /* PBXContainerItemProxy */ = {
			isa = PBXContainerItemProxy;
			containerPortal = ADCA5D14285A45AB0058F090 /* Project object */;
			proxyType = 1;
			remoteGlobalIDString = ADCA5D1B285A45AB0058F090;
			remoteInfo = Flixter;
		};
		ADCA5D42285A45AC0058F090 /* PBXContainerItemProxy */ = {
			isa = PBXContainerItemProxy;
			containerPortal = ADCA5D14285A45AB0058F090 /* Project object */;
			proxyType = 1;
			remoteGlobalIDString = ADCA5D1B285A45AB0058F090;
			remoteInfo = Flixter;
		};
/* End PBXContainerItemProxy section */

/* Begin PBXFileReference section */
		118D9238EC5A39C39FDB81C7 /* Pods_Flixter_FlixterUITests.framework */ = {isa = PBXFileReference; explicitFileType = wrapper.framework; includeInIndex = 0; path = Pods_Flixter_FlixterUITests.framework; sourceTree = BUILT_PRODUCTS_DIR; };
		5155F8F71E776AD082DD3E2B /* Pods-Flixter.debug.xcconfig */ = {isa = PBXFileReference; includeInIndex = 1; lastKnownFileType = text.xcconfig; name = "Pods-Flixter.debug.xcconfig"; path = "Target Support Files/Pods-Flixter/Pods-Flixter.debug.xcconfig"; sourceTree = "<group>"; };
		55ED5EE4AC6135BFE9F15F29 /* Pods-Flixter.release.xcconfig */ = {isa = PBXFileReference; includeInIndex = 1; lastKnownFileType = text.xcconfig; name = "Pods-Flixter.release.xcconfig"; path = "Target Support Files/Pods-Flixter/Pods-Flixter.release.xcconfig"; sourceTree = "<group>"; };
		58C2E19E1286EB00866A7B3D /* Pods-FlixterTests.release.xcconfig */ = {isa = PBXFileReference; includeInIndex = 1; lastKnownFileType = text.xcconfig; name = "Pods-FlixterTests.release.xcconfig"; path = "Target Support Files/Pods-FlixterTests/Pods-FlixterTests.release.xcconfig"; sourceTree = "<group>"; };
		6D04A342E2AD0D4B8D17D9AF /* Pods-FlixterTests.debug.xcconfig */ = {isa = PBXFileReference; includeInIndex = 1; lastKnownFileType = text.xcconfig; name = "Pods-FlixterTests.debug.xcconfig"; path = "Target Support Files/Pods-FlixterTests/Pods-FlixterTests.debug.xcconfig"; sourceTree = "<group>"; };
		7E076ACCC41A4442F9F88D5A /* Pods-Flixter-FlixterUITests.debug.xcconfig */ = {isa = PBXFileReference; includeInIndex = 1; lastKnownFileType = text.xcconfig; name = "Pods-Flixter-FlixterUITests.debug.xcconfig"; path = "Target Support Files/Pods-Flixter-FlixterUITests/Pods-Flixter-FlixterUITests.debug.xcconfig"; sourceTree = "<group>"; };
		91BCCA0C9C08F2F24AC5C742 /* Pods-Flixter-FlixterUITests.release.xcconfig */ = {isa = PBXFileReference; includeInIndex = 1; lastKnownFileType = text.xcconfig; name = "Pods-Flixter-FlixterUITests.release.xcconfig"; path = "Target Support Files/Pods-Flixter-FlixterUITests/Pods-Flixter-FlixterUITests.release.xcconfig"; sourceTree = "<group>"; };
		9BF054B92BB08F16633A3740 /* Pods_Flixter.framework */ = {isa = PBXFileReference; explicitFileType = wrapper.framework; includeInIndex = 0; path = Pods_Flixter.framework; sourceTree = BUILT_PRODUCTS_DIR; };
		AD5BE6C0285CEABB00DA1A1D /* MovieCollectionViewCell.h */ = {isa = PBXFileReference; lastKnownFileType = sourcecode.c.h; path = MovieCollectionViewCell.h; sourceTree = "<group>"; };
		AD5BE6C1285CEABB00DA1A1D /* MovieCollectionViewCell.m */ = {isa = PBXFileReference; lastKnownFileType = sourcecode.c.objc; path = MovieCollectionViewCell.m; sourceTree = "<group>"; };
		ADCA5D1C285A45AB0058F090 /* Flixter.app */ = {isa = PBXFileReference; explicitFileType = wrapper.application; includeInIndex = 0; path = Flixter.app; sourceTree = BUILT_PRODUCTS_DIR; };
		ADCA5D1F285A45AB0058F090 /* AppDelegate.h */ = {isa = PBXFileReference; lastKnownFileType = sourcecode.c.h; path = AppDelegate.h; sourceTree = "<group>"; };
		ADCA5D20285A45AB0058F090 /* AppDelegate.m */ = {isa = PBXFileReference; lastKnownFileType = sourcecode.c.objc; path = AppDelegate.m; sourceTree = "<group>"; };
		ADCA5D22285A45AB0058F090 /* SceneDelegate.h */ = {isa = PBXFileReference; lastKnownFileType = sourcecode.c.h; path = SceneDelegate.h; sourceTree = "<group>"; };
		ADCA5D23285A45AB0058F090 /* SceneDelegate.m */ = {isa = PBXFileReference; lastKnownFileType = sourcecode.c.objc; path = SceneDelegate.m; sourceTree = "<group>"; };
		ADCA5D29285A45AB0058F090 /* Base */ = {isa = PBXFileReference; lastKnownFileType = file.storyboard; name = Base; path = Base.lproj/Main.storyboard; sourceTree = "<group>"; };
		ADCA5D2B285A45AC0058F090 /* Assets.xcassets */ = {isa = PBXFileReference; lastKnownFileType = folder.assetcatalog; path = Assets.xcassets; sourceTree = "<group>"; };
		ADCA5D2E285A45AC0058F090 /* Base */ = {isa = PBXFileReference; lastKnownFileType = file.storyboard; name = Base; path = Base.lproj/LaunchScreen.storyboard; sourceTree = "<group>"; };
		ADCA5D30285A45AC0058F090 /* Info.plist */ = {isa = PBXFileReference; lastKnownFileType = text.plist.xml; path = Info.plist; sourceTree = "<group>"; };
		ADCA5D31285A45AC0058F090 /* main.m */ = {isa = PBXFileReference; lastKnownFileType = sourcecode.c.objc; path = main.m; sourceTree = "<group>"; };
		ADCA5D37285A45AC0058F090 /* FlixterTests.xctest */ = {isa = PBXFileReference; explicitFileType = wrapper.cfbundle; includeInIndex = 0; path = FlixterTests.xctest; sourceTree = BUILT_PRODUCTS_DIR; };
		ADCA5D3B285A45AC0058F090 /* FlixterTests.m */ = {isa = PBXFileReference; lastKnownFileType = sourcecode.c.objc; path = FlixterTests.m; sourceTree = "<group>"; };
		ADCA5D41285A45AC0058F090 /* FlixterUITests.xctest */ = {isa = PBXFileReference; explicitFileType = wrapper.cfbundle; includeInIndex = 0; path = FlixterUITests.xctest; sourceTree = BUILT_PRODUCTS_DIR; };
		ADCA5D45285A45AC0058F090 /* FlixterUITests.m */ = {isa = PBXFileReference; lastKnownFileType = sourcecode.c.objc; path = FlixterUITests.m; sourceTree = "<group>"; };
		ADCA5D47285A45AC0058F090 /* FlixterUITestsLaunchTests.m */ = {isa = PBXFileReference; lastKnownFileType = sourcecode.c.objc; path = FlixterUITestsLaunchTests.m; sourceTree = "<group>"; };
		ADCA5D54285A4C9C0058F090 /* MovieViewController.h */ = {isa = PBXFileReference; lastKnownFileType = sourcecode.c.h; path = MovieViewController.h; sourceTree = "<group>"; };
		ADCA5D55285A4C9C0058F090 /* MovieViewController.m */ = {isa = PBXFileReference; lastKnownFileType = sourcecode.c.objc; path = MovieViewController.m; sourceTree = "<group>"; };
		ADCA5D5A285A7F2B0058F090 /* TableViewCell.h */ = {isa = PBXFileReference; lastKnownFileType = sourcecode.c.h; path = TableViewCell.h; sourceTree = "<group>"; };
		ADCA5D5B285A7F2B0058F090 /* TableViewCell.m */ = {isa = PBXFileReference; lastKnownFileType = sourcecode.c.objc; path = TableViewCell.m; sourceTree = "<group>"; };
		ADCA5D5D285BE4DA0058F090 /* DetailsViewController.h */ = {isa = PBXFileReference; lastKnownFileType = sourcecode.c.h; path = DetailsViewController.h; sourceTree = "<group>"; };
		ADCA5D5E285BE4DA0058F090 /* DetailsViewController.m */ = {isa = PBXFileReference; lastKnownFileType = sourcecode.c.objc; path = DetailsViewController.m; sourceTree = "<group>"; };
		ADCA5D60285CE5BA0058F090 /* GridViewController.h */ = {isa = PBXFileReference; lastKnownFileType = sourcecode.c.h; path = GridViewController.h; sourceTree = "<group>"; };
		ADCA5D61285CE5BA0058F090 /* GridViewController.m */ = {isa = PBXFileReference; lastKnownFileType = sourcecode.c.objc; path = GridViewController.m; sourceTree = "<group>"; };
		BE362BD63BF3C054C2F407C7 /* Pods_FlixterTests.framework */ = {isa = PBXFileReference; explicitFileType = wrapper.framework; includeInIndex = 0; path = Pods_FlixterTests.framework; sourceTree = BUILT_PRODUCTS_DIR; };
/* End PBXFileReference section */

/* Begin PBXFrameworksBuildPhase section */
		ADCA5D19285A45AB0058F090 /* Frameworks */ = {
			isa = PBXFrameworksBuildPhase;
			buildActionMask = 2147483647;
			files = (
				B30FD590287EB3E0E08FCD78 /* Pods_Flixter.framework in Frameworks */,
			);
			runOnlyForDeploymentPostprocessing = 0;
		};
		ADCA5D34285A45AC0058F090 /* Frameworks */ = {
			isa = PBXFrameworksBuildPhase;
			buildActionMask = 2147483647;
			files = (
				58E03AD0B7C7EC4EFA221F3A /* Pods_FlixterTests.framework in Frameworks */,
			);
			runOnlyForDeploymentPostprocessing = 0;
		};
		ADCA5D3E285A45AC0058F090 /* Frameworks */ = {
			isa = PBXFrameworksBuildPhase;
			buildActionMask = 2147483647;
			files = (
				57ABEADC290454A75E765EC3 /* Pods_Flixter_FlixterUITests.framework in Frameworks */,
			);
			runOnlyForDeploymentPostprocessing = 0;
		};
/* End PBXFrameworksBuildPhase section */

/* Begin PBXGroup section */
		40332F4784038AF3008A5163 /* Pods */ = {
			isa = PBXGroup;
			children = (
				5155F8F71E776AD082DD3E2B /* Pods-Flixter.debug.xcconfig */,
				55ED5EE4AC6135BFE9F15F29 /* Pods-Flixter.release.xcconfig */,
				7E076ACCC41A4442F9F88D5A /* Pods-Flixter-FlixterUITests.debug.xcconfig */,
				91BCCA0C9C08F2F24AC5C742 /* Pods-Flixter-FlixterUITests.release.xcconfig */,
				6D04A342E2AD0D4B8D17D9AF /* Pods-FlixterTests.debug.xcconfig */,
				58C2E19E1286EB00866A7B3D /* Pods-FlixterTests.release.xcconfig */,
			);
			path = Pods;
			sourceTree = "<group>";
		};
		629910AA55CF173609FD6F95 /* Frameworks */ = {
			isa = PBXGroup;
			children = (
				9BF054B92BB08F16633A3740 /* Pods_Flixter.framework */,
				118D9238EC5A39C39FDB81C7 /* Pods_Flixter_FlixterUITests.framework */,
				BE362BD63BF3C054C2F407C7 /* Pods_FlixterTests.framework */,
			);
			name = Frameworks;
			sourceTree = "<group>";
		};
		ADCA5D13285A45AB0058F090 = {
			isa = PBXGroup;
			children = (
				ADCA5D1E285A45AB0058F090 /* Flixter */,
				ADCA5D3A285A45AC0058F090 /* FlixterTests */,
				ADCA5D44285A45AC0058F090 /* FlixterUITests */,
				ADCA5D1D285A45AB0058F090 /* Products */,
				40332F4784038AF3008A5163 /* Pods */,
				629910AA55CF173609FD6F95 /* Frameworks */,
			);
			sourceTree = "<group>";
		};
		ADCA5D1D285A45AB0058F090 /* Products */ = {
			isa = PBXGroup;
			children = (
				ADCA5D1C285A45AB0058F090 /* Flixter.app */,
				ADCA5D37285A45AC0058F090 /* FlixterTests.xctest */,
				ADCA5D41285A45AC0058F090 /* FlixterUITests.xctest */,
			);
			name = Products;
			sourceTree = "<group>";
		};
		ADCA5D1E285A45AB0058F090 /* Flixter */ = {
			isa = PBXGroup;
			children = (
				ADCA5D60285CE5BA0058F090 /* GridViewController.h */,
				ADCA5D61285CE5BA0058F090 /* GridViewController.m */,
				ADCA5D5A285A7F2B0058F090 /* TableViewCell.h */,
				ADCA5D5B285A7F2B0058F090 /* TableViewCell.m */,
				ADCA5D1F285A45AB0058F090 /* AppDelegate.h */,
				ADCA5D20285A45AB0058F090 /* AppDelegate.m */,
				ADCA5D22285A45AB0058F090 /* SceneDelegate.h */,
				ADCA5D23285A45AB0058F090 /* SceneDelegate.m */,
				ADCA5D28285A45AB0058F090 /* Main.storyboard */,
				ADCA5D5D285BE4DA0058F090 /* DetailsViewController.h */,
				ADCA5D5E285BE4DA0058F090 /* DetailsViewController.m */,
				ADCA5D2D285A45AC0058F090 /* LaunchScreen.storyboard */,
				ADCA5D2B285A45AC0058F090 /* Assets.xcassets */,
				ADCA5D30285A45AC0058F090 /* Info.plist */,
				ADCA5D31285A45AC0058F090 /* main.m */,
				ADCA5D54285A4C9C0058F090 /* MovieViewController.h */,
				ADCA5D55285A4C9C0058F090 /* MovieViewController.m */,
				AD5BE6C0285CEABB00DA1A1D /* MovieCollectionViewCell.h */,
				AD5BE6C1285CEABB00DA1A1D /* MovieCollectionViewCell.m */,
			);
			path = Flixter;
			sourceTree = "<group>";
		};
		ADCA5D3A285A45AC0058F090 /* FlixterTests */ = {
			isa = PBXGroup;
			children = (
				ADCA5D3B285A45AC0058F090 /* FlixterTests.m */,
			);
			path = FlixterTests;
			sourceTree = "<group>";
		};
		ADCA5D44285A45AC0058F090 /* FlixterUITests */ = {
			isa = PBXGroup;
			children = (
				ADCA5D45285A45AC0058F090 /* FlixterUITests.m */,
				ADCA5D47285A45AC0058F090 /* FlixterUITestsLaunchTests.m */,
			);
			path = FlixterUITests;
			sourceTree = "<group>";
		};
/* End PBXGroup section */

/* Begin PBXNativeTarget section */
		ADCA5D1B285A45AB0058F090 /* Flixter */ = {
			isa = PBXNativeTarget;
			buildConfigurationList = ADCA5D4B285A45AC0058F090 /* Build configuration list for PBXNativeTarget "Flixter" */;
			buildPhases = (
				3FF442F6E2B028C75B44C8AC /* [CP] Check Pods Manifest.lock */,
				ADCA5D18285A45AB0058F090 /* Sources */,
				ADCA5D19285A45AB0058F090 /* Frameworks */,
				ADCA5D1A285A45AB0058F090 /* Resources */,
				B8DB12662874AB8355E9A670 /* [CP] Embed Pods Frameworks */,
			);
			buildRules = (
			);
			dependencies = (
			);
			name = Flixter;
			productName = Flixter;
			productReference = ADCA5D1C285A45AB0058F090 /* Flixter.app */;
			productType = "com.apple.product-type.application";
		};
		ADCA5D36285A45AC0058F090 /* FlixterTests */ = {
			isa = PBXNativeTarget;
			buildConfigurationList = ADCA5D4E285A45AC0058F090 /* Build configuration list for PBXNativeTarget "FlixterTests" */;
			buildPhases = (
				0DC4F9E922448174AA60F327 /* [CP] Check Pods Manifest.lock */,
				ADCA5D33285A45AC0058F090 /* Sources */,
				ADCA5D34285A45AC0058F090 /* Frameworks */,
				ADCA5D35285A45AC0058F090 /* Resources */,
			);
			buildRules = (
			);
			dependencies = (
				ADCA5D39285A45AC0058F090 /* PBXTargetDependency */,
			);
			name = FlixterTests;
			productName = FlixterTests;
			productReference = ADCA5D37285A45AC0058F090 /* FlixterTests.xctest */;
			productType = "com.apple.product-type.bundle.unit-test";
		};
		ADCA5D40285A45AC0058F090 /* FlixterUITests */ = {
			isa = PBXNativeTarget;
			buildConfigurationList = ADCA5D51285A45AC0058F090 /* Build configuration list for PBXNativeTarget "FlixterUITests" */;
			buildPhases = (
				94BF5AE39316D6FC9717C210 /* [CP] Check Pods Manifest.lock */,
				ADCA5D3D285A45AC0058F090 /* Sources */,
				ADCA5D3E285A45AC0058F090 /* Frameworks */,
				ADCA5D3F285A45AC0058F090 /* Resources */,
				0177DCF9EE426CA70B4D1080 /* [CP] Embed Pods Frameworks */,
			);
			buildRules = (
			);
			dependencies = (
				ADCA5D43285A45AC0058F090 /* PBXTargetDependency */,
			);
			name = FlixterUITests;
			productName = FlixterUITests;
			productReference = ADCA5D41285A45AC0058F090 /* FlixterUITests.xctest */;
			productType = "com.apple.product-type.bundle.ui-testing";
		};
/* End PBXNativeTarget section */

/* Begin PBXProject section */
		ADCA5D14285A45AB0058F090 /* Project object */ = {
			isa = PBXProject;
			attributes = {
				BuildIndependentTargetsInParallel = 1;
				LastUpgradeCheck = 1340;
				TargetAttributes = {
					ADCA5D1B285A45AB0058F090 = {
						CreatedOnToolsVersion = 13.4;
					};
					ADCA5D36285A45AC0058F090 = {
						CreatedOnToolsVersion = 13.4;
						TestTargetID = ADCA5D1B285A45AB0058F090;
					};
					ADCA5D40285A45AC0058F090 = {
						CreatedOnToolsVersion = 13.4;
						TestTargetID = ADCA5D1B285A45AB0058F090;
					};
				};
			};
			buildConfigurationList = ADCA5D17285A45AB0058F090 /* Build configuration list for PBXProject "Flixter" */;
			compatibilityVersion = "Xcode 13.0";
			developmentRegion = en;
			hasScannedForEncodings = 0;
			knownRegions = (
				en,
				Base,
			);
			mainGroup = ADCA5D13285A45AB0058F090;
			productRefGroup = ADCA5D1D285A45AB0058F090 /* Products */;
			projectDirPath = "";
			projectRoot = "";
			targets = (
				ADCA5D1B285A45AB0058F090 /* Flixter */,
				ADCA5D36285A45AC0058F090 /* FlixterTests */,
				ADCA5D40285A45AC0058F090 /* FlixterUITests */,
			);
		};
/* End PBXProject section */

/* Begin PBXResourcesBuildPhase section */
		ADCA5D1A285A45AB0058F090 /* Resources */ = {
			isa = PBXResourcesBuildPhase;
			buildActionMask = 2147483647;
			files = (
				ADCA5D2F285A45AC0058F090 /* LaunchScreen.storyboard in Resources */,
				ADCA5D2C285A45AC0058F090 /* Assets.xcassets in Resources */,
				ADCA5D2A285A45AB0058F090 /* Main.storyboard in Resources */,
			);
			runOnlyForDeploymentPostprocessing = 0;
		};
		ADCA5D35285A45AC0058F090 /* Resources */ = {
			isa = PBXResourcesBuildPhase;
			buildActionMask = 2147483647;
			files = (
			);
			runOnlyForDeploymentPostprocessing = 0;
		};
		ADCA5D3F285A45AC0058F090 /* Resources */ = {
			isa = PBXResourcesBuildPhase;
			buildActionMask = 2147483647;
			files = (
			);
			runOnlyForDeploymentPostprocessing = 0;
		};
/* End PBXResourcesBuildPhase section */

/* Begin PBXShellScriptBuildPhase section */
		0177DCF9EE426CA70B4D1080 /* [CP] Embed Pods Frameworks */ = {
			isa = PBXShellScriptBuildPhase;
			buildActionMask = 2147483647;
			files = (
			);
			inputFileListPaths = (
				"${PODS_ROOT}/Target Support Files/Pods-Flixter-FlixterUITests/Pods-Flixter-FlixterUITests-frameworks-${CONFIGURATION}-input-files.xcfilelist",
			);
			name = "[CP] Embed Pods Frameworks";
			outputFileListPaths = (
				"${PODS_ROOT}/Target Support Files/Pods-Flixter-FlixterUITests/Pods-Flixter-FlixterUITests-frameworks-${CONFIGURATION}-output-files.xcfilelist",
			);
			runOnlyForDeploymentPostprocessing = 0;
			shellPath = /bin/sh;
			shellScript = "\"${PODS_ROOT}/Target Support Files/Pods-Flixter-FlixterUITests/Pods-Flixter-FlixterUITests-frameworks.sh\"\n";
			showEnvVarsInLog = 0;
		};
		0DC4F9E922448174AA60F327 /* [CP] Check Pods Manifest.lock */ = {
			isa = PBXShellScriptBuildPhase;
			buildActionMask = 2147483647;
			files = (
			);
			inputFileListPaths = (
			);
			inputPaths = (
				"${PODS_PODFILE_DIR_PATH}/Podfile.lock",
				"${PODS_ROOT}/Manifest.lock",
			);
			name = "[CP] Check Pods Manifest.lock";
			outputFileListPaths = (
			);
			outputPaths = (
				"$(DERIVED_FILE_DIR)/Pods-FlixterTests-checkManifestLockResult.txt",
			);
			runOnlyForDeploymentPostprocessing = 0;
			shellPath = /bin/sh;
			shellScript = "diff \"${PODS_PODFILE_DIR_PATH}/Podfile.lock\" \"${PODS_ROOT}/Manifest.lock\" > /dev/null\nif [ $? != 0 ] ; then\n    # print error to STDERR\n    echo \"error: The sandbox is not in sync with the Podfile.lock. Run 'pod install' or update your CocoaPods installation.\" >&2\n    exit 1\nfi\n# This output is used by Xcode 'outputs' to avoid re-running this script phase.\necho \"SUCCESS\" > \"${SCRIPT_OUTPUT_FILE_0}\"\n";
			showEnvVarsInLog = 0;
		};
		3FF442F6E2B028C75B44C8AC /* [CP] Check Pods Manifest.lock */ = {
			isa = PBXShellScriptBuildPhase;
			buildActionMask = 2147483647;
			files = (
			);
			inputFileListPaths = (
			);
			inputPaths = (
				"${PODS_PODFILE_DIR_PATH}/Podfile.lock",
				"${PODS_ROOT}/Manifest.lock",
			);
			name = "[CP] Check Pods Manifest.lock";
			outputFileListPaths = (
			);
			outputPaths = (
				"$(DERIVED_FILE_DIR)/Pods-Flixter-checkManifestLockResult.txt",
			);
			runOnlyForDeploymentPostprocessing = 0;
			shellPath = /bin/sh;
			shellScript = "diff \"${PODS_PODFILE_DIR_PATH}/Podfile.lock\" \"${PODS_ROOT}/Manifest.lock\" > /dev/null\nif [ $? != 0 ] ; then\n    # print error to STDERR\n    echo \"error: The sandbox is not in sync with the Podfile.lock. Run 'pod install' or update your CocoaPods installation.\" >&2\n    exit 1\nfi\n# This output is used by Xcode 'outputs' to avoid re-running this script phase.\necho \"SUCCESS\" > \"${SCRIPT_OUTPUT_FILE_0}\"\n";
			showEnvVarsInLog = 0;
		};
		94BF5AE39316D6FC9717C210 /* [CP] Check Pods Manifest.lock */ = {
			isa = PBXShellScriptBuildPhase;
			buildActionMask = 2147483647;
			files = (
			);
			inputFileListPaths = (
			);
			inputPaths = (
				"${PODS_PODFILE_DIR_PATH}/Podfile.lock",
				"${PODS_ROOT}/Manifest.lock",
			);
			name = "[CP] Check Pods Manifest.lock";
			outputFileListPaths = (
			);
			outputPaths = (
				"$(DERIVED_FILE_DIR)/Pods-Flixter-FlixterUITests-checkManifestLockResult.txt",
			);
			runOnlyForDeploymentPostprocessing = 0;
			shellPath = /bin/sh;
			shellScript = "diff \"${PODS_PODFILE_DIR_PATH}/Podfile.lock\" \"${PODS_ROOT}/Manifest.lock\" > /dev/null\nif [ $? != 0 ] ; then\n    # print error to STDERR\n    echo \"error: The sandbox is not in sync with the Podfile.lock. Run 'pod install' or update your CocoaPods installation.\" >&2\n    exit 1\nfi\n# This output is used by Xcode 'outputs' to avoid re-running this script phase.\necho \"SUCCESS\" > \"${SCRIPT_OUTPUT_FILE_0}\"\n";
			showEnvVarsInLog = 0;
		};
		B8DB12662874AB8355E9A670 /* [CP] Embed Pods Frameworks */ = {
			isa = PBXShellScriptBuildPhase;
			buildActionMask = 2147483647;
			files = (
			);
			inputFileListPaths = (
				"${PODS_ROOT}/Target Support Files/Pods-Flixter/Pods-Flixter-frameworks-${CONFIGURATION}-input-files.xcfilelist",
			);
			name = "[CP] Embed Pods Frameworks";
			outputFileListPaths = (
				"${PODS_ROOT}/Target Support Files/Pods-Flixter/Pods-Flixter-frameworks-${CONFIGURATION}-output-files.xcfilelist",
			);
			runOnlyForDeploymentPostprocessing = 0;
			shellPath = /bin/sh;
			shellScript = "\"${PODS_ROOT}/Target Support Files/Pods-Flixter/Pods-Flixter-frameworks.sh\"\n";
			showEnvVarsInLog = 0;
		};
/* End PBXShellScriptBuildPhase section */

/* Begin PBXSourcesBuildPhase section */
		ADCA5D18285A45AB0058F090 /* Sources */ = {
			isa = PBXSourcesBuildPhase;
			buildActionMask = 2147483647;
			files = (
				ADCA5D56285A4C9C0058F090 /* MovieViewController.m in Sources */,
				ADCA5D21285A45AB0058F090 /* AppDelegate.m in Sources */,
				ADCA5D32285A45AC0058F090 /* main.m in Sources */,
				AD5BE6C2285CEABB00DA1A1D /* MovieCollectionViewCell.m in Sources */,
				ADCA5D62285CE5BA0058F090 /* GridViewController.m in Sources */,
				ADCA5D5F285BE4DA0058F090 /* DetailsViewController.m in Sources */,
				ADCA5D5C285A7F2B0058F090 /* TableViewCell.m in Sources */,
				ADCA5D24285A45AB0058F090 /* SceneDelegate.m in Sources */,
			);
			runOnlyForDeploymentPostprocessing = 0;
		};
		ADCA5D33285A45AC0058F090 /* Sources */ = {
			isa = PBXSourcesBuildPhase;
			buildActionMask = 2147483647;
			files = (
				ADCA5D3C285A45AC0058F090 /* FlixterTests.m in Sources */,
			);
			runOnlyForDeploymentPostprocessing = 0;
		};
		ADCA5D3D285A45AC0058F090 /* Sources */ = {
			isa = PBXSourcesBuildPhase;
			buildActionMask = 2147483647;
			files = (
				ADCA5D46285A45AC0058F090 /* FlixterUITests.m in Sources */,
				ADCA5D48285A45AC0058F090 /* FlixterUITestsLaunchTests.m in Sources */,
			);
			runOnlyForDeploymentPostprocessing = 0;
		};
/* End PBXSourcesBuildPhase section */

/* Begin PBXTargetDependency section */
		ADCA5D39285A45AC0058F090 /* PBXTargetDependency */ = {
			isa = PBXTargetDependency;
			target = ADCA5D1B285A45AB0058F090 /* Flixter */;
			targetProxy = ADCA5D38285A45AC0058F090 /* PBXContainerItemProxy */;
		};
		ADCA5D43285A45AC0058F090 /* PBXTargetDependency */ = {
			isa = PBXTargetDependency;
			target = ADCA5D1B285A45AB0058F090 /* Flixter */;
			targetProxy = ADCA5D42285A45AC0058F090 /* PBXContainerItemProxy */;
		};
/* End PBXTargetDependency section */

/* Begin PBXVariantGroup section */
		ADCA5D28285A45AB0058F090 /* Main.storyboard */ = {
			isa = PBXVariantGroup;
			children = (
				ADCA5D29285A45AB0058F090 /* Base */,
			);
			name = Main.storyboard;
			sourceTree = "<group>";
		};
		ADCA5D2D285A45AC0058F090 /* LaunchScreen.storyboard */ = {
			isa = PBXVariantGroup;
			children = (
				ADCA5D2E285A45AC0058F090 /* Base */,
			);
			name = LaunchScreen.storyboard;
			sourceTree = "<group>";
		};
/* End PBXVariantGroup section */

/* Begin XCBuildConfiguration section */
		ADCA5D49285A45AC0058F090 /* Debug */ = {
			isa = XCBuildConfiguration;
			buildSettings = {
				ALWAYS_SEARCH_USER_PATHS = NO;
				CLANG_ANALYZER_NONNULL = YES;
				CLANG_ANALYZER_NUMBER_OBJECT_CONVERSION = YES_AGGRESSIVE;
				CLANG_CXX_LANGUAGE_STANDARD = "gnu++17";
				CLANG_ENABLE_MODULES = YES;
				CLANG_ENABLE_OBJC_ARC = YES;
				CLANG_ENABLE_OBJC_WEAK = YES;
				CLANG_WARN_BLOCK_CAPTURE_AUTORELEASING = YES;
				CLANG_WARN_BOOL_CONVERSION = YES;
				CLANG_WARN_COMMA = YES;
				CLANG_WARN_CONSTANT_CONVERSION = YES;
				CLANG_WARN_DEPRECATED_OBJC_IMPLEMENTATIONS = YES;
				CLANG_WARN_DIRECT_OBJC_ISA_USAGE = YES_ERROR;
				CLANG_WARN_DOCUMENTATION_COMMENTS = YES;
				CLANG_WARN_EMPTY_BODY = YES;
				CLANG_WARN_ENUM_CONVERSION = YES;
				CLANG_WARN_INFINITE_RECURSION = YES;
				CLANG_WARN_INT_CONVERSION = YES;
				CLANG_WARN_NON_LITERAL_NULL_CONVERSION = YES;
				CLANG_WARN_OBJC_IMPLICIT_RETAIN_SELF = YES;
				CLANG_WARN_OBJC_LITERAL_CONVERSION = YES;
				CLANG_WARN_OBJC_ROOT_CLASS = YES_ERROR;
				CLANG_WARN_QUOTED_INCLUDE_IN_FRAMEWORK_HEADER = YES;
				CLANG_WARN_RANGE_LOOP_ANALYSIS = YES;
				CLANG_WARN_STRICT_PROTOTYPES = YES;
				CLANG_WARN_SUSPICIOUS_MOVE = YES;
				CLANG_WARN_UNGUARDED_AVAILABILITY = YES_AGGRESSIVE;
				CLANG_WARN_UNREACHABLE_CODE = YES;
				CLANG_WARN__DUPLICATE_METHOD_MATCH = YES;
				COPY_PHASE_STRIP = NO;
				DEBUG_INFORMATION_FORMAT = dwarf;
				ENABLE_STRICT_OBJC_MSGSEND = YES;
				ENABLE_TESTABILITY = YES;
				GCC_C_LANGUAGE_STANDARD = gnu11;
				GCC_DYNAMIC_NO_PIC = NO;
				GCC_NO_COMMON_BLOCKS = YES;
				GCC_OPTIMIZATION_LEVEL = 0;
				GCC_PREPROCESSOR_DEFINITIONS = (
					"DEBUG=1",
					"$(inherited)",
				);
				GCC_WARN_64_TO_32_BIT_CONVERSION = YES;
				GCC_WARN_ABOUT_RETURN_TYPE = YES_ERROR;
				GCC_WARN_UNDECLARED_SELECTOR = YES;
				GCC_WARN_UNINITIALIZED_AUTOS = YES_AGGRESSIVE;
				GCC_WARN_UNUSED_FUNCTION = YES;
				GCC_WARN_UNUSED_VARIABLE = YES;
				IPHONEOS_DEPLOYMENT_TARGET = 15.5;
				MTL_ENABLE_DEBUG_INFO = INCLUDE_SOURCE;
				MTL_FAST_MATH = YES;
				ONLY_ACTIVE_ARCH = YES;
				SDKROOT = iphoneos;
			};
			name = Debug;
		};
		ADCA5D4A285A45AC0058F090 /* Release */ = {
			isa = XCBuildConfiguration;
			buildSettings = {
				ALWAYS_SEARCH_USER_PATHS = NO;
				CLANG_ANALYZER_NONNULL = YES;
				CLANG_ANALYZER_NUMBER_OBJECT_CONVERSION = YES_AGGRESSIVE;
				CLANG_CXX_LANGUAGE_STANDARD = "gnu++17";
				CLANG_ENABLE_MODULES = YES;
				CLANG_ENABLE_OBJC_ARC = YES;
				CLANG_ENABLE_OBJC_WEAK = YES;
				CLANG_WARN_BLOCK_CAPTURE_AUTORELEASING = YES;
				CLANG_WARN_BOOL_CONVERSION = YES;
				CLANG_WARN_COMMA = YES;
				CLANG_WARN_CONSTANT_CONVERSION = YES;
				CLANG_WARN_DEPRECATED_OBJC_IMPLEMENTATIONS = YES;
				CLANG_WARN_DIRECT_OBJC_ISA_USAGE = YES_ERROR;
				CLANG_WARN_DOCUMENTATION_COMMENTS = YES;
				CLANG_WARN_EMPTY_BODY = YES;
				CLANG_WARN_ENUM_CONVERSION = YES;
				CLANG_WARN_INFINITE_RECURSION = YES;
				CLANG_WARN_INT_CONVERSION = YES;
				CLANG_WARN_NON_LITERAL_NULL_CONVERSION = YES;
				CLANG_WARN_OBJC_IMPLICIT_RETAIN_SELF = YES;
				CLANG_WARN_OBJC_LITERAL_CONVERSION = YES;
				CLANG_WARN_OBJC_ROOT_CLASS = YES_ERROR;
				CLANG_WARN_QUOTED_INCLUDE_IN_FRAMEWORK_HEADER = YES;
				CLANG_WARN_RANGE_LOOP_ANALYSIS = YES;
				CLANG_WARN_STRICT_PROTOTYPES = YES;
				CLANG_WARN_SUSPICIOUS_MOVE = YES;
				CLANG_WARN_UNGUARDED_AVAILABILITY = YES_AGGRESSIVE;
				CLANG_WARN_UNREACHABLE_CODE = YES;
				CLANG_WARN__DUPLICATE_METHOD_MATCH = YES;
				COPY_PHASE_STRIP = NO;
				DEBUG_INFORMATION_FORMAT = "dwarf-with-dsym";
				ENABLE_NS_ASSERTIONS = NO;
				ENABLE_STRICT_OBJC_MSGSEND = YES;
				GCC_C_LANGUAGE_STANDARD = gnu11;
				GCC_NO_COMMON_BLOCKS = YES;
				GCC_WARN_64_TO_32_BIT_CONVERSION = YES;
				GCC_WARN_ABOUT_RETURN_TYPE = YES_ERROR;
				GCC_WARN_UNDECLARED_SELECTOR = YES;
				GCC_WARN_UNINITIALIZED_AUTOS = YES_AGGRESSIVE;
				GCC_WARN_UNUSED_FUNCTION = YES;
				GCC_WARN_UNUSED_VARIABLE = YES;
				IPHONEOS_DEPLOYMENT_TARGET = 15.5;
				MTL_ENABLE_DEBUG_INFO = NO;
				MTL_FAST_MATH = YES;
				SDKROOT = iphoneos;
				VALIDATE_PRODUCT = YES;
			};
			name = Release;
		};
		ADCA5D4C285A45AC0058F090 /* Debug */ = {
			isa = XCBuildConfiguration;
			baseConfigurationReference = 5155F8F71E776AD082DD3E2B /* Pods-Flixter.debug.xcconfig */;
			buildSettings = {
				ASSETCATALOG_COMPILER_APPICON_NAME = AppIcon;
				ASSETCATALOG_COMPILER_GLOBAL_ACCENT_COLOR_NAME = AccentColor;
				CODE_SIGN_STYLE = Automatic;
				CURRENT_PROJECT_VERSION = 1;
				GENERATE_INFOPLIST_FILE = YES;
				INFOPLIST_FILE = Flixter/Info.plist;
				INFOPLIST_KEY_UIApplicationSupportsIndirectInputEvents = YES;
				INFOPLIST_KEY_UILaunchStoryboardName = LaunchScreen;
				INFOPLIST_KEY_UIMainStoryboardFile = Main;
				INFOPLIST_KEY_UISupportedInterfaceOrientations_iPad = "UIInterfaceOrientationPortrait UIInterfaceOrientationPortraitUpsideDown UIInterfaceOrientationLandscapeLeft UIInterfaceOrientationLandscapeRight";
				INFOPLIST_KEY_UISupportedInterfaceOrientations_iPhone = "UIInterfaceOrientationPortrait UIInterfaceOrientationLandscapeLeft UIInterfaceOrientationLandscapeRight";
				LD_RUNPATH_SEARCH_PATHS = (
					"$(inherited)",
					"@executable_path/Frameworks",
				);
				MARKETING_VERSION = 1.0;
				PRODUCT_BUNDLE_IDENTIFIER = com.codepath.Flixter;
				PRODUCT_NAME = "$(TARGET_NAME)";
				SWIFT_EMIT_LOC_STRINGS = YES;
				TARGETED_DEVICE_FAMILY = "1,2";
			};
			name = Debug;
		};
		ADCA5D4D285A45AC0058F090 /* Release */ = {
			isa = XCBuildConfiguration;
			baseConfigurationReference = 55ED5EE4AC6135BFE9F15F29 /* Pods-Flixter.release.xcconfig */;
			buildSettings = {
				ASSETCATALOG_COMPILER_APPICON_NAME = AppIcon;
				ASSETCATALOG_COMPILER_GLOBAL_ACCENT_COLOR_NAME = AccentColor;
				CODE_SIGN_STYLE = Automatic;
				CURRENT_PROJECT_VERSION = 1;
				GENERATE_INFOPLIST_FILE = YES;
				INFOPLIST_FILE = Flixter/Info.plist;
				INFOPLIST_KEY_UIApplicationSupportsIndirectInputEvents = YES;
				INFOPLIST_KEY_UILaunchStoryboardName = LaunchScreen;
				INFOPLIST_KEY_UIMainStoryboardFile = Main;
				INFOPLIST_KEY_UISupportedInterfaceOrientations_iPad = "UIInterfaceOrientationPortrait UIInterfaceOrientationPortraitUpsideDown UIInterfaceOrientationLandscapeLeft UIInterfaceOrientationLandscapeRight";
				INFOPLIST_KEY_UISupportedInterfaceOrientations_iPhone = "UIInterfaceOrientationPortrait UIInterfaceOrientationLandscapeLeft UIInterfaceOrientationLandscapeRight";
				LD_RUNPATH_SEARCH_PATHS = (
					"$(inherited)",
					"@executable_path/Frameworks",
				);
				MARKETING_VERSION = 1.0;
				PRODUCT_BUNDLE_IDENTIFIER = com.codepath.Flixter;
				PRODUCT_NAME = "$(TARGET_NAME)";
				SWIFT_EMIT_LOC_STRINGS = YES;
				TARGETED_DEVICE_FAMILY = "1,2";
			};
			name = Release;
		};
		ADCA5D4F285A45AC0058F090 /* Debug */ = {
			isa = XCBuildConfiguration;
			baseConfigurationReference = 6D04A342E2AD0D4B8D17D9AF /* Pods-FlixterTests.debug.xcconfig */;
			buildSettings = {
				BUNDLE_LOADER = "$(TEST_HOST)";
				CODE_SIGN_STYLE = Automatic;
				CURRENT_PROJECT_VERSION = 1;
				GENERATE_INFOPLIST_FILE = YES;
				IPHONEOS_DEPLOYMENT_TARGET = 15.5;
				MARKETING_VERSION = 1.0;
				PRODUCT_BUNDLE_IDENTIFIER = com.codepath.FlixterTests;
				PRODUCT_NAME = "$(TARGET_NAME)";
				SWIFT_EMIT_LOC_STRINGS = NO;
				TARGETED_DEVICE_FAMILY = "1,2";
				TEST_HOST = "$(BUILT_PRODUCTS_DIR)/Flixter.app/Flixter";
			};
			name = Debug;
		};
		ADCA5D50285A45AC0058F090 /* Release */ = {
			isa = XCBuildConfiguration;
			baseConfigurationReference = 58C2E19E1286EB00866A7B3D /* Pods-FlixterTests.release.xcconfig */;
			buildSettings = {
				BUNDLE_LOADER = "$(TEST_HOST)";
				CODE_SIGN_STYLE = Automatic;
				CURRENT_PROJECT_VERSION = 1;
				GENERATE_INFOPLIST_FILE = YES;
				IPHONEOS_DEPLOYMENT_TARGET = 15.5;
				MARKETING_VERSION = 1.0;
				PRODUCT_BUNDLE_IDENTIFIER = com.codepath.FlixterTests;
				PRODUCT_NAME = "$(TARGET_NAME)";
				SWIFT_EMIT_LOC_STRINGS = NO;
				TARGETED_DEVICE_FAMILY = "1,2";
				TEST_HOST = "$(BUILT_PRODUCTS_DIR)/Flixter.app/Flixter";
			};
			name = Release;
		};
		ADCA5D52285A45AC0058F090 /* Debug */ = {
			isa = XCBuildConfiguration;
			baseConfigurationReference = 7E076ACCC41A4442F9F88D5A /* Pods-Flixter-FlixterUITests.debug.xcconfig */;
			buildSettings = {
				CODE_SIGN_STYLE = Automatic;
				CURRENT_PROJECT_VERSION = 1;
				GENERATE_INFOPLIST_FILE = YES;
				MARKETING_VERSION = 1.0;
				PRODUCT_BUNDLE_IDENTIFIER = com.codepath.FlixterUITests;
				PRODUCT_NAME = "$(TARGET_NAME)";
				SWIFT_EMIT_LOC_STRINGS = NO;
				TARGETED_DEVICE_FAMILY = "1,2";
				TEST_TARGET_NAME = Flixter;
			};
			name = Debug;
		};
		ADCA5D53285A45AC0058F090 /* Release */ = {
			isa = XCBuildConfiguration;
			baseConfigurationReference = 91BCCA0C9C08F2F24AC5C742 /* Pods-Flixter-FlixterUITests.release.xcconfig */;
			buildSettings = {
				CODE_SIGN_STYLE = Automatic;
				CURRENT_PROJECT_VERSION = 1;
				GENERATE_INFOPLIST_FILE = YES;
				MARKETING_VERSION = 1.0;
				PRODUCT_BUNDLE_IDENTIFIER = com.codepath.FlixterUITests;
				PRODUCT_NAME = "$(TARGET_NAME)";
				SWIFT_EMIT_LOC_STRINGS = NO;
				TARGETED_DEVICE_FAMILY = "1,2";
				TEST_TARGET_NAME = Flixter;
			};
			name = Release;
		};
/* End XCBuildConfiguration section */

/* Begin XCConfigurationList section */
		ADCA5D17285A45AB0058F090 /* Build configuration list for PBXProject "Flixter" */ = {
			isa = XCConfigurationList;
			buildConfigurations = (
				ADCA5D49285A45AC0058F090 /* Debug */,
				ADCA5D4A285A45AC0058F090 /* Release */,
			);
			defaultConfigurationIsVisible = 0;
			defaultConfigurationName = Release;
		};
		ADCA5D4B285A45AC0058F090 /* Build configuration list for PBXNativeTarget "Flixter" */ = {
			isa = XCConfigurationList;
			buildConfigurations = (
				ADCA5D4C285A45AC0058F090 /* Debug */,
				ADCA5D4D285A45AC0058F090 /* Release */,
			);
			defaultConfigurationIsVisible = 0;
			defaultConfigurationName = Release;
		};
		ADCA5D4E285A45AC0058F090 /* Build configuration list for PBXNativeTarget "FlixterTests" */ = {
			isa = XCConfigurationList;
			buildConfigurations = (
				ADCA5D4F285A45AC0058F090 /* Debug */,
				ADCA5D50285A45AC0058F090 /* Release */,
			);
			defaultConfigurationIsVisible = 0;
			defaultConfigurationName = Release;
		};
		ADCA5D51285A45AC0058F090 /* Build configuration list for PBXNativeTarget "FlixterUITests" */ = {
			isa = XCConfigurationList;
			buildConfigurations = (
				ADCA5D52285A45AC0058F090 /* Debug */,
				ADCA5D53285A45AC0058F090 /* Release */,
			);
			defaultConfigurationIsVisible = 0;
			defaultConfigurationName = Release;
		};
/* End XCConfigurationList section */
	};
	rootObject = ADCA5D14285A45AB0058F090 /* Project object */;
}
